
Microsoft Visual Studio Solution File, Format Version 12.00
# Visual Studio Version 17
VisualStudioVersion = 17.12.35707.178
MinimumVisualStudioVersion = 10.0.40219.1
Project("{FAE04EC0-301F-11D3-BF4B-00C04F79EFBC}") = "QuantConnect.MetaTraderBrokerage", "QuantConnect.MetaTraderBrokerage.csproj", "{FBF953E1-D3A0-4B4E-A548-1C227DEA2A89}"
EndProject
Project("{FAE04EC0-301F-11D3-BF4B-00C04F79EFBC}") = "QuantConnect.Brokerages", "..\Brokerages\QuantConnect.Brokerages.csproj", "{2FDDE48D-B0C0-4D14-86D8-065D97E81492}"
EndProject
Global
	GlobalSection(SolutionConfigurationPlatforms) = preSolution
		Debug|Any CPU = Debug|Any CPU
		Release|Any CPU = Release|Any CPU
	EndGlobalSection
	GlobalSection(ProjectConfigurationPlatforms) = postSolution
		{FBF953E1-D3A0-4B4E-A548-1C227DEA2A89}.Debug|Any CPU.ActiveCfg = Debug|Any CPU
		{FBF953E1-D3A0-4B4E-A548-1C227DEA2A89}.Debug|Any CPU.Build.0 = Debug|Any CPU
		{FBF953E1-D3A0-4B4E-A548-1C227DEA2A89}.Release|Any CPU.ActiveCfg = Release|Any CPU
		{FBF953E1-D3A0-4B4E-A548-1C227DEA2A89}.Release|Any CPU.Build.0 = Release|Any CPU
		{2FDDE48D-B0C0-4D14-86D8-065D97E81492}.Debug|Any CPU.ActiveCfg = Debug|Any CPU
		{2FDDE48D-B0C0-4D14-86D8-065D97E81492}.Debug|Any CPU.Build.0 = Debug|Any CPU
		{2FDDE48D-B0C0-4D14-86D8-065D97E81492}.Release|Any CPU.ActiveCfg = Release|Any CPU
		{2FDDE48D-B0C0-4D14-86D8-065D97E81492}.Release|Any CPU.Build.0 = Release|Any CPU
	EndGlobalSection
	GlobalSection(SolutionProperties) = preSolution
		HideSolutionNode = FALSE
	EndGlobalSection
EndGlobal
